{
  "version": 4,
  "terraform_version": "0.14.7",
  "serial": 35,
  "lineage": "129b2015-31d6-19e1-65e4-04d3414deab8",
  "outputs": {
    "aws_s3": {
      "value": {
        "acceleration_status": "",
        "acl": "public-read",
        "arn": "arn:aws:s3:::test.resourcenetwork.co",
        "bucket": "test.resourcenetwork.co",
        "bucket_domain_name": "test.resourcenetwork.co.s3.amazonaws.com",
        "bucket_prefix": null,
        "bucket_regional_domain_name": "test.resourcenetwork.co.s3.us-east-2.amazonaws.com",
        "cors_rule": [],
        "force_destroy": false,
        "grant": [],
        "hosted_zone_id": "Z2O1EMRO9K5GLX",
        "id": "test.resourcenetwork.co",
        "lifecycle_rule": [],
        "logging": [],
        "object_lock_configuration": [],
        "policy": "{\n    \"Version\": \"2012-10-17\",\n    \"Statement\": [\n        {\n            \"Sid\": \"PublicReadGetObject\",\n            \"Effect\": \"Allow\",\n            \"Principal\": \"*\",\n            \"Action\": \"s3:GetObject\",\n            \"Resource\": \"arn:aws:s3:::test.resourcenetwork.co/*\",\n            \"Condition\": {\n                \"IpAddress\": {\n                    \"aws:SourceIp\": [\n                        \"2400:cb00::/32\",\n                        \"2405:8100::/32\",\n                        \"2405:b500::/32\",\n                        \"2606:4700::/32\",\n                        \"2803:f800::/32\",\n                        \"2c0f:f248::/32\",\n                        \"2a06:98c0::/29\",\n                        \"103.21.244.0/22\",\n                        \"103.22.200.0/22\",\n                        \"103.31.4.0/22\",\n                        \"104.16.0.0/12\",\n                        \"108.162.192.0/18\",\n                        \"131.0.72.0/22\",\n                        \"141.101.64.0/18\",\n                        \"162.158.0.0/15\",\n                        \"172.64.0.0/13\",\n                        \"173.245.48.0/20\",\n                        \"188.114.96.0/20\",\n                        \"190.93.240.0/20\",\n                        \"197.234.240.0/22\",\n                        \"198.41.128.0/17\"\n                    ]\n                }\n            }\n        }\n    ]\n}\n",
        "region": "us-east-2",
        "replication_configuration": [],
        "request_payer": "BucketOwner",
        "server_side_encryption_configuration": [],
        "tags": {},
        "versioning": [
          {
            "enabled": false,
            "mfa_delete": false
          }
        ],
        "website": [
          {
            "error_document": "error.html",
            "index_document": "index.html",
            "redirect_all_requests_to": "",
            "routing_rules": ""
          }
        ],
        "website_domain": "s3-website.us-east-2.amazonaws.com",
        "website_endpoint": "test.resourcenetwork.co.s3-website.us-east-2.amazonaws.com"
      },
      "type": [
        "object",
        {
          "acceleration_status": "string",
          "acl": "string",
          "arn": "string",
          "bucket": "string",
          "bucket_domain_name": "string",
          "bucket_prefix": "string",
          "bucket_regional_domain_name": "string",
          "cors_rule": [
            "list",
            [
              "object",
              {
                "allowed_headers": [
                  "list",
                  "string"
                ],
                "allowed_methods": [
                  "list",
                  "string"
                ],
                "allowed_origins": [
                  "list",
                  "string"
                ],
                "expose_headers": [
                  "list",
                  "string"
                ],
                "max_age_seconds": "number"
              }
            ]
          ],
          "force_destroy": "bool",
          "grant": [
            "set",
            [
              "object",
              {
                "id": "string",
                "permissions": [
                  "set",
                  "string"
                ],
                "type": "string",
                "uri": "string"
              }
            ]
          ],
          "hosted_zone_id": "string",
          "id": "string",
          "lifecycle_rule": [
            "list",
            [
              "object",
              {
                "abort_incomplete_multipart_upload_days": "number",
                "enabled": "bool",
                "expiration": [
                  "list",
                  [
                    "object",
                    {
                      "date": "string",
                      "days": "number",
                      "expired_object_delete_marker": "bool"
                    }
                  ]
                ],
                "id": "string",
                "noncurrent_version_expiration": [
                  "list",
                  [
                    "object",
                    {
                      "days": "number"
                    }
                  ]
                ],
                "noncurrent_version_transition": [
                  "set",
                  [
                    "object",
                    {
                      "days": "number",
                      "storage_class": "string"
                    }
                  ]
                ],
                "prefix": "string",
                "tags": [
                  "map",
                  "string"
                ],
                "transition": [
                  "set",
                  [
                    "object",
                    {
                      "date": "string",
                      "days": "number",
                      "storage_class": "string"
                    }
                  ]
                ]
              }
            ]
          ],
          "logging": [
            "set",
            [
              "object",
              {
                "target_bucket": "string",
                "target_prefix": "string"
              }
            ]
          ],
          "object_lock_configuration": [
            "list",
            [
              "object",
              {
                "object_lock_enabled": "string",
                "rule": [
                  "list",
                  [
                    "object",
                    {
                      "default_retention": [
                        "list",
                        [
                          "object",
                          {
                            "days": "number",
                            "mode": "string",
                            "years": "number"
                          }
                        ]
                      ]
                    }
                  ]
                ]
              }
            ]
          ],
          "policy": "string",
          "region": "string",
          "replication_configuration": [
            "list",
            [
              "object",
              {
                "role": "string",
                "rules": [
                  "set",
                  [
                    "object",
                    {
                      "destination": [
                        "list",
                        [
                          "object",
                          {
                            "access_control_translation": [
                              "list",
                              [
                                "object",
                                {
                                  "owner": "string"
                                }
                              ]
                            ],
                            "account_id": "string",
                            "bucket": "string",
                            "replica_kms_key_id": "string",
                            "storage_class": "string"
                          }
                        ]
                      ],
                      "filter": [
                        "list",
                        [
                          "object",
                          {
                            "prefix": "string",
                            "tags": [
                              "map",
                              "string"
                            ]
                          }
                        ]
                      ],
                      "id": "string",
                      "prefix": "string",
                      "priority": "number",
                      "source_selection_criteria": [
                        "list",
                        [
                          "object",
                          {
                            "sse_kms_encrypted_objects": [
                              "list",
                              [
                                "object",
                                {
                                  "enabled": "bool"
                                }
                              ]
                            ]
                          }
                        ]
                      ],
                      "status": "string"
                    }
                  ]
                ]
              }
            ]
          ],
          "request_payer": "string",
          "server_side_encryption_configuration": [
            "list",
            [
              "object",
              {
                "rule": [
                  "list",
                  [
                    "object",
                    {
                      "apply_server_side_encryption_by_default": [
                        "list",
                        [
                          "object",
                          {
                            "kms_master_key_id": "string",
                            "sse_algorithm": "string"
                          }
                        ]
                      ]
                    }
                  ]
                ]
              }
            ]
          ],
          "tags": [
            "map",
            "string"
          ],
          "versioning": [
            "list",
            [
              "object",
              {
                "enabled": "bool",
                "mfa_delete": "bool"
              }
            ]
          ],
          "website": [
            "list",
            [
              "object",
              {
                "error_document": "string",
                "index_document": "string",
                "redirect_all_requests_to": "string",
                "routing_rules": "string"
              }
            ]
          ],
          "website_domain": "string",
          "website_endpoint": "string"
        }
      ]
    }
  },
  "resources": [
    {
      "mode": "managed",
      "type": "aws_s3_bucket",
      "name": "bucket",
      "provider": "provider[\"registry.terraform.io/hashicorp/aws\"]",
      "instances": [
        {
          "schema_version": 0,
          "attributes": {
            "acceleration_status": "",
            "acl": "public-read",
            "arn": "arn:aws:s3:::test.resourcenetwork.co",
            "bucket": "test.resourcenetwork.co",
            "bucket_domain_name": "test.resourcenetwork.co.s3.amazonaws.com",
            "bucket_prefix": null,
            "bucket_regional_domain_name": "test.resourcenetwork.co.s3.us-east-2.amazonaws.com",
            "cors_rule": [],
            "force_destroy": false,
            "grant": [],
            "hosted_zone_id": "Z2O1EMRO9K5GLX",
            "id": "test.resourcenetwork.co",
            "lifecycle_rule": [],
            "logging": [],
            "object_lock_configuration": [],
            "policy": "{\"Statement\":[{\"Action\":\"s3:GetObject\",\"Condition\":{\"IpAddress\":{\"aws:SourceIp\":[\"2400:cb00::/32\",\"2405:8100::/32\",\"2405:b500::/32\",\"2606:4700::/32\",\"2803:f800::/32\",\"2c0f:f248::/32\",\"2a06:98c0::/29\",\"103.21.244.0/22\",\"103.22.200.0/22\",\"103.31.4.0/22\",\"104.16.0.0/12\",\"108.162.192.0/18\",\"131.0.72.0/22\",\"141.101.64.0/18\",\"162.158.0.0/15\",\"172.64.0.0/13\",\"173.245.48.0/20\",\"188.114.96.0/20\",\"190.93.240.0/20\",\"197.234.240.0/22\",\"198.41.128.0/17\"]}},\"Effect\":\"Allow\",\"Principal\":\"*\",\"Resource\":\"arn:aws:s3:::test.resourcenetwork.co/*\",\"Sid\":\"PublicReadGetObject\"}],\"Version\":\"2012-10-17\"}",
            "region": "us-east-2",
            "replication_configuration": [],
            "request_payer": "BucketOwner",
            "server_side_encryption_configuration": [],
            "tags": {},
            "versioning": [
              {
                "enabled": false,
                "mfa_delete": false
              }
            ],
            "website": [
              {
                "error_document": "error.html",
                "index_document": "index.html",
                "redirect_all_requests_to": "",
                "routing_rules": ""
              }
            ],
            "website_domain": "s3-website.us-east-2.amazonaws.com",
            "website_endpoint": "test.resourcenetwork.co.s3-website.us-east-2.amazonaws.com"
          },
          "sensitive_attributes": [],
          "private": "bnVsbA=="
        }
      ]
    },
    {
      "mode": "managed",
      "type": "cloudflare_record",
      "name": "cname",
      "provider": "provider[\"registry.terraform.io/cloudflare/cloudflare\"]",
      "instances": [
        {
          "schema_version": 1,
          "attributes": {
            "created_on": "2021-03-09T19:18:20.802527Z",
            "data": {},
            "hostname": "test.resourcenetwork.co",
            "id": "ebce09600364d086beb70bb7b96b1ec6",
            "metadata": {
              "auto_added": "false",
              "managed_by_apps": "false",
              "managed_by_argo_tunnel": "false",
              "source": "primary"
            },
            "modified_on": "2021-03-09T19:18:20.802527Z",
            "name": "test.resourcenetwork.co",
            "priority": 0,
            "proxiable": true,
            "proxied": true,
            "timeouts": null,
            "ttl": 1,
            "type": "CNAME",
            "value": "test.resourcenetwork.co.s3-website.us-east-2.amazonaws.com",
            "zone_id": "f8cac67990bfeb65dd4ef995916a6128"
          },
          "sensitive_attributes": [],
          "private": "eyJlMmJmYjczMC1lY2FhLTExZTYtOGY4OC0zNDM2M2JjN2M0YzAiOnsiY3JlYXRlIjozMDAwMDAwMDAwMCwidXBkYXRlIjozMDAwMDAwMDAwMH0sInNjaGVtYV92ZXJzaW9uIjoiMSJ9",
          "dependencies": [
            "aws_s3_bucket.bucket"
          ]
        }
      ]
    }
  ]
}
