{
  "version": 4,
  "terraform_version": "0.14.7",
  "serial": 4,
  "lineage": "129b2015-31d6-19e1-65e4-04d3414deab8",
  "outputs": {
    "aws_acm": {
      "value": {
        "arn": "arn:aws:acm:us-east-1:446481105531:certificate/714d8114-ebc4-4692-82ce-d2239bf82d55",
        "certificate_authority_arn": "",
        "certificate_body": null,
        "certificate_chain": null,
        "domain_name": "test.resourcenetwork.co",
        "domain_validation_options": [
          {
            "domain_name": "test.resourcenetwork.co",
            "resource_record_name": "_62cc49107ea5bddc3ca0cbd14a0955a2.test.resourcenetwork.co.",
            "resource_record_type": "CNAME",
            "resource_record_value": "_da17385471c839f72383fd1235c407c1.nfyddsqlcy.acm-validations.aws."
          }
        ],
        "id": "arn:aws:acm:us-east-1:446481105531:certificate/714d8114-ebc4-4692-82ce-d2239bf82d55",
        "options": [
          {
            "certificate_transparency_logging_preference": "ENABLED"
          }
        ],
        "private_key": null,
        "status": "PENDING_VALIDATION",
        "subject_alternative_names": [],
        "tags": null,
        "validation_emails": [],
        "validation_method": "DNS"
      },
      "type": [
        "object",
        {
          "arn": "string",
          "certificate_authority_arn": "string",
          "certificate_body": "string",
          "certificate_chain": "string",
          "domain_name": "string",
          "domain_validation_options": [
            "set",
            [
              "object",
              {
                "domain_name": "string",
                "resource_record_name": "string",
                "resource_record_type": "string",
                "resource_record_value": "string"
              }
            ]
          ],
          "id": "string",
          "options": [
            "list",
            [
              "object",
              {
                "certificate_transparency_logging_preference": "string"
              }
            ]
          ],
          "private_key": "string",
          "status": "string",
          "subject_alternative_names": [
            "set",
            "string"
          ],
          "tags": [
            "map",
            "string"
          ],
          "validation_emails": [
            "list",
            "string"
          ],
          "validation_method": "string"
        }
      ]
    },
    "aws_s3": {
      "value": {
        "acceleration_status": "",
        "acl": "public-read",
        "arn": "arn:aws:s3:::test.resourcenetwork.co",
        "bucket": "test.resourcenetwork.co",
        "bucket_domain_name": "test.resourcenetwork.co.s3.amazonaws.com",
        "bucket_prefix": null,
        "bucket_regional_domain_name": "test.resourcenetwork.co.s3.amazonaws.com",
        "cors_rule": [],
        "force_destroy": false,
        "grant": [],
        "hosted_zone_id": "Z3AQBSTGFYJSTF",
        "id": "test.resourcenetwork.co",
        "lifecycle_rule": [],
        "logging": [],
        "object_lock_configuration": [],
        "policy": "{\"Statement\":[{\"Action\":\"s3:GetObject\",\"Effect\":\"Allow\",\"Principal\":\"*\",\"Resource\":\"arn:aws:s3:::test.resourcenetwork.co/*\",\"Sid\":\"PublicReadGetObject\"}],\"Version\":\"2012-10-17\"}",
        "region": "us-east-1",
        "replication_configuration": [],
        "request_payer": "BucketOwner",
        "server_side_encryption_configuration": [],
        "tags": null,
        "versioning": [
          {
            "enabled": false,
            "mfa_delete": false
          }
        ],
        "website": [
          {
            "error_document": "error.html",
            "index_document": "index.html",
            "redirect_all_requests_to": "",
            "routing_rules": ""
          }
        ],
        "website_domain": "s3-website-us-east-1.amazonaws.com",
        "website_endpoint": "test.resourcenetwork.co.s3-website-us-east-1.amazonaws.com"
      },
      "type": [
        "object",
        {
          "acceleration_status": "string",
          "acl": "string",
          "arn": "string",
          "bucket": "string",
          "bucket_domain_name": "string",
          "bucket_prefix": "string",
          "bucket_regional_domain_name": "string",
          "cors_rule": [
            "list",
            [
              "object",
              {
                "allowed_headers": [
                  "list",
                  "string"
                ],
                "allowed_methods": [
                  "list",
                  "string"
                ],
                "allowed_origins": [
                  "list",
                  "string"
                ],
                "expose_headers": [
                  "list",
                  "string"
                ],
                "max_age_seconds": "number"
              }
            ]
          ],
          "force_destroy": "bool",
          "grant": [
            "set",
            [
              "object",
              {
                "id": "string",
                "permissions": [
                  "set",
                  "string"
                ],
                "type": "string",
                "uri": "string"
              }
            ]
          ],
          "hosted_zone_id": "string",
          "id": "string",
          "lifecycle_rule": [
            "list",
            [
              "object",
              {
                "abort_incomplete_multipart_upload_days": "number",
                "enabled": "bool",
                "expiration": [
                  "list",
                  [
                    "object",
                    {
                      "date": "string",
                      "days": "number",
                      "expired_object_delete_marker": "bool"
                    }
                  ]
                ],
                "id": "string",
                "noncurrent_version_expiration": [
                  "list",
                  [
                    "object",
                    {
                      "days": "number"
                    }
                  ]
                ],
                "noncurrent_version_transition": [
                  "set",
                  [
                    "object",
                    {
                      "days": "number",
                      "storage_class": "string"
                    }
                  ]
                ],
                "prefix": "string",
                "tags": [
                  "map",
                  "string"
                ],
                "transition": [
                  "set",
                  [
                    "object",
                    {
                      "date": "string",
                      "days": "number",
                      "storage_class": "string"
                    }
                  ]
                ]
              }
            ]
          ],
          "logging": [
            "set",
            [
              "object",
              {
                "target_bucket": "string",
                "target_prefix": "string"
              }
            ]
          ],
          "object_lock_configuration": [
            "list",
            [
              "object",
              {
                "object_lock_enabled": "string",
                "rule": [
                  "list",
                  [
                    "object",
                    {
                      "default_retention": [
                        "list",
                        [
                          "object",
                          {
                            "days": "number",
                            "mode": "string",
                            "years": "number"
                          }
                        ]
                      ]
                    }
                  ]
                ]
              }
            ]
          ],
          "policy": "string",
          "region": "string",
          "replication_configuration": [
            "list",
            [
              "object",
              {
                "role": "string",
                "rules": [
                  "set",
                  [
                    "object",
                    {
                      "destination": [
                        "list",
                        [
                          "object",
                          {
                            "access_control_translation": [
                              "list",
                              [
                                "object",
                                {
                                  "owner": "string"
                                }
                              ]
                            ],
                            "account_id": "string",
                            "bucket": "string",
                            "replica_kms_key_id": "string",
                            "storage_class": "string"
                          }
                        ]
                      ],
                      "filter": [
                        "list",
                        [
                          "object",
                          {
                            "prefix": "string",
                            "tags": [
                              "map",
                              "string"
                            ]
                          }
                        ]
                      ],
                      "id": "string",
                      "prefix": "string",
                      "priority": "number",
                      "source_selection_criteria": [
                        "list",
                        [
                          "object",
                          {
                            "sse_kms_encrypted_objects": [
                              "list",
                              [
                                "object",
                                {
                                  "enabled": "bool"
                                }
                              ]
                            ]
                          }
                        ]
                      ],
                      "status": "string"
                    }
                  ]
                ]
              }
            ]
          ],
          "request_payer": "string",
          "server_side_encryption_configuration": [
            "list",
            [
              "object",
              {
                "rule": [
                  "list",
                  [
                    "object",
                    {
                      "apply_server_side_encryption_by_default": [
                        "list",
                        [
                          "object",
                          {
                            "kms_master_key_id": "string",
                            "sse_algorithm": "string"
                          }
                        ]
                      ]
                    }
                  ]
                ]
              }
            ]
          ],
          "tags": [
            "map",
            "string"
          ],
          "versioning": [
            "list",
            [
              "object",
              {
                "enabled": "bool",
                "mfa_delete": "bool"
              }
            ]
          ],
          "website": [
            "list",
            [
              "object",
              {
                "error_document": "string",
                "index_document": "string",
                "redirect_all_requests_to": "string",
                "routing_rules": "string"
              }
            ]
          ],
          "website_domain": "string",
          "website_endpoint": "string"
        }
      ]
    }
  },
  "resources": [
    {
      "mode": "managed",
      "type": "aws_acm_certificate",
      "name": "cert",
      "provider": "provider[\"registry.terraform.io/hashicorp/aws\"].virginia",
      "instances": [
        {
          "schema_version": 0,
          "attributes": {
            "arn": "arn:aws:acm:us-east-1:446481105531:certificate/714d8114-ebc4-4692-82ce-d2239bf82d55",
            "certificate_authority_arn": "",
            "certificate_body": null,
            "certificate_chain": null,
            "domain_name": "test.resourcenetwork.co",
            "domain_validation_options": [
              {
                "domain_name": "test.resourcenetwork.co",
                "resource_record_name": "_62cc49107ea5bddc3ca0cbd14a0955a2.test.resourcenetwork.co.",
                "resource_record_type": "CNAME",
                "resource_record_value": "_da17385471c839f72383fd1235c407c1.nfyddsqlcy.acm-validations.aws."
              }
            ],
            "id": "arn:aws:acm:us-east-1:446481105531:certificate/714d8114-ebc4-4692-82ce-d2239bf82d55",
            "options": [
              {
                "certificate_transparency_logging_preference": "ENABLED"
              }
            ],
            "private_key": null,
            "status": "PENDING_VALIDATION",
            "subject_alternative_names": [],
            "tags": null,
            "validation_emails": [],
            "validation_method": "DNS"
          },
          "sensitive_attributes": [],
          "private": "bnVsbA==",
          "create_before_destroy": true
        }
      ]
    },
    {
      "mode": "managed",
      "type": "aws_acm_certificate_validation",
      "name": "cert",
      "provider": "provider[\"registry.terraform.io/hashicorp/aws\"].virginia",
      "instances": [
        {
          "schema_version": 0,
          "attributes": {
            "certificate_arn": "arn:aws:acm:us-east-1:446481105531:certificate/714d8114-ebc4-4692-82ce-d2239bf82d55",
            "id": "2021-03-09 03:05:02 +0000 UTC",
            "timeouts": null,
            "validation_record_fqdns": null
          },
          "sensitive_attributes": [],
          "private": "eyJlMmJmYjczMC1lY2FhLTExZTYtOGY4OC0zNDM2M2JjN2M0YzAiOnsiY3JlYXRlIjoyNzAwMDAwMDAwMDAwfX0=",
          "dependencies": [
            "aws_acm_certificate.cert"
          ]
        }
      ]
    },
    {
      "mode": "managed",
      "type": "aws_s3_bucket",
      "name": "bucket",
      "provider": "provider[\"registry.terraform.io/hashicorp/aws\"]",
      "instances": [
        {
          "schema_version": 0,
          "attributes": {
            "acceleration_status": "",
            "acl": "public-read",
            "arn": "arn:aws:s3:::test.resourcenetwork.co",
            "bucket": "test.resourcenetwork.co",
            "bucket_domain_name": "test.resourcenetwork.co.s3.amazonaws.com",
            "bucket_prefix": null,
            "bucket_regional_domain_name": "test.resourcenetwork.co.s3.amazonaws.com",
            "cors_rule": [],
            "force_destroy": false,
            "grant": [],
            "hosted_zone_id": "Z3AQBSTGFYJSTF",
            "id": "test.resourcenetwork.co",
            "lifecycle_rule": [],
            "logging": [],
            "object_lock_configuration": [],
            "policy": "{\"Statement\":[{\"Action\":\"s3:GetObject\",\"Effect\":\"Allow\",\"Principal\":\"*\",\"Resource\":\"arn:aws:s3:::test.resourcenetwork.co/*\",\"Sid\":\"PublicReadGetObject\"}],\"Version\":\"2012-10-17\"}",
            "region": "us-east-1",
            "replication_configuration": [],
            "request_payer": "BucketOwner",
            "server_side_encryption_configuration": [],
            "tags": null,
            "versioning": [
              {
                "enabled": false,
                "mfa_delete": false
              }
            ],
            "website": [
              {
                "error_document": "error.html",
                "index_document": "index.html",
                "redirect_all_requests_to": "",
                "routing_rules": ""
              }
            ],
            "website_domain": "s3-website-us-east-1.amazonaws.com",
            "website_endpoint": "test.resourcenetwork.co.s3-website-us-east-1.amazonaws.com"
          },
          "sensitive_attributes": [],
          "private": "bnVsbA=="
        }
      ]
    },
    {
      "mode": "managed",
      "type": "cloudflare_record",
      "name": "cname",
      "provider": "provider[\"registry.terraform.io/cloudflare/cloudflare\"]",
      "instances": []
    }
  ]
}
